// !$*UTF8*$!
{
	archiveVersion = 1;
	classes = {
	};
	objectVersion = 46;
	objects = {

/* Begin PBXBuildFile section */
		9488E66A1A86635400F0E383 /* AppDelegate.swift in Sources */ = {isa = PBXBuildFile; fileRef = 9488E6691A86635400F0E383 /* AppDelegate.swift */; };
		9488E66C1A86635400F0E383 /* RelaxViewController.swift in Sources */ = {isa = PBXBuildFile; fileRef = 9488E66B1A86635400F0E383 /* RelaxViewController.swift */; };
		9488E6711A86635400F0E383 /* Images.xcassets in Resources */ = {isa = PBXBuildFile; fileRef = 9488E6701A86635400F0E383 /* Images.xcassets */; };
		9488E6741A86635400F0E383 /* LaunchScreen.xib in Resources */ = {isa = PBXBuildFile; fileRef = 9488E6721A86635400F0E383 /* LaunchScreen.xib */; };
		9488E6801A86635400F0E383 /* RelaxTests.swift in Sources */ = {isa = PBXBuildFile; fileRef = 9488E67F1A86635400F0E383 /* RelaxTests.swift */; };
		94F839DD1A8699AF003DF242 /* MainUI.storyboard in Resources */ = {isa = PBXBuildFile; fileRef = 94F839DC1A8699AF003DF242 /* MainUI.storyboard */; };
		94F839E11A869A90003DF242 /* DefaultActivities.plist in Resources */ = {isa = PBXBuildFile; fileRef = 94F839E01A869A90003DF242 /* DefaultActivities.plist */; };
		94F839E31A869B8A003DF242 /* SetupViewController.swift in Sources */ = {isa = PBXBuildFile; fileRef = 94F839E21A869B8A003DF242 /* SetupViewController.swift */; };
		94F839E51A869BA0003DF242 /* HistoryViewController.swift in Sources */ = {isa = PBXBuildFile; fileRef = 94F839E41A869BA0003DF242 /* HistoryViewController.swift */; };
		94F839E71A869BE8003DF242 /* Activity.swift in Sources */ = {isa = PBXBuildFile; fileRef = 94F839E61A869BE8003DF242 /* Activity.swift */; };
/* End PBXBuildFile section */

/* Begin PBXContainerItemProxy section */
		9488E67A1A86635400F0E383 /* PBXContainerItemProxy */ = {
			isa = PBXContainerItemProxy;
			containerPortal = 9488E65C1A86635400F0E383 /* Project object */;
			proxyType = 1;
			remoteGlobalIDString = 9488E6631A86635400F0E383;
			remoteInfo = Relax;
		};
/* End PBXContainerItemProxy section */

/* Begin PBXFileReference section */
		9488E6641A86635400F0E383 /* Relax.app */ = {isa = PBXFileReference; explicitFileType = wrapper.application; includeInIndex = 0; path = Relax.app; sourceTree = BUILT_PRODUCTS_DIR; };
		9488E6681A86635400F0E383 /* Info.plist */ = {isa = PBXFileReference; lastKnownFileType = text.plist.xml; path = Info.plist; sourceTree = "<group>"; };
		9488E6691A86635400F0E383 /* AppDelegate.swift */ = {isa = PBXFileReference; lastKnownFileType = sourcecode.swift; path = AppDelegate.swift; sourceTree = "<group>"; };
		9488E66B1A86635400F0E383 /* RelaxViewController.swift */ = {isa = PBXFileReference; lastKnownFileType = sourcecode.swift; path = RelaxViewController.swift; sourceTree = "<group>"; };
		9488E6701A86635400F0E383 /* Images.xcassets */ = {isa = PBXFileReference; lastKnownFileType = folder.assetcatalog; path = Images.xcassets; sourceTree = "<group>"; };
		9488E6731A86635400F0E383 /* Base */ = {isa = PBXFileReference; lastKnownFileType = file.xib; name = Base; path = Base.lproj/LaunchScreen.xib; sourceTree = "<group>"; };
		9488E6791A86635400F0E383 /* RelaxTests.xctest */ = {isa = PBXFileReference; explicitFileType = wrapper.cfbundle; includeInIndex = 0; path = RelaxTests.xctest; sourceTree = BUILT_PRODUCTS_DIR; };
		9488E67E1A86635400F0E383 /* Info.plist */ = {isa = PBXFileReference; lastKnownFileType = text.plist.xml; path = Info.plist; sourceTree = "<group>"; };
		9488E67F1A86635400F0E383 /* RelaxTests.swift */ = {isa = PBXFileReference; lastKnownFileType = sourcecode.swift; path = RelaxTests.swift; sourceTree = "<group>"; };
		94F839DC1A8699AF003DF242 /* MainUI.storyboard */ = {isa = PBXFileReference; fileEncoding = 4; lastKnownFileType = file.storyboard; path = MainUI.storyboard; sourceTree = "<group>"; };
		94F839E01A869A90003DF242 /* DefaultActivities.plist */ = {isa = PBXFileReference; fileEncoding = 4; lastKnownFileType = text.plist.xml; path = DefaultActivities.plist; sourceTree = "<group>"; };
		94F839E21A869B8A003DF242 /* SetupViewController.swift */ = {isa = PBXFileReference; fileEncoding = 4; lastKnownFileType = sourcecode.swift; path = SetupViewController.swift; sourceTree = "<group>"; };
		94F839E41A869BA0003DF242 /* HistoryViewController.swift */ = {isa = PBXFileReference; fileEncoding = 4; lastKnownFileType = sourcecode.swift; path = HistoryViewController.swift; sourceTree = "<group>"; };
		94F839E61A869BE8003DF242 /* Activity.swift */ = {isa = PBXFileReference; fileEncoding = 4; lastKnownFileType = sourcecode.swift; path = Activity.swift; sourceTree = "<group>"; };
/* End PBXFileReference section */

/* Begin PBXFrameworksBuildPhase section */
		9488E6611A86635400F0E383 /* Frameworks */ = {
			isa = PBXFrameworksBuildPhase;
			buildActionMask = 2147483647;
			files = (
			);
			runOnlyForDeploymentPostprocessing = 0;
		};
		9488E6761A86635400F0E383 /* Frameworks */ = {
			isa = PBXFrameworksBuildPhase;
			buildActionMask = 2147483647;
			files = (
			);
			runOnlyForDeploymentPostprocessing = 0;
		};
/* End PBXFrameworksBuildPhase section */

/* Begin PBXGroup section */
		9488E65B1A86635400F0E383 = {
			isa = PBXGroup;
			children = (
				9488E6661A86635400F0E383 /* Relax */,
				9488E67C1A86635400F0E383 /* RelaxTests */,
				9488E6651A86635400F0E383 /* Products */,
			);
			sourceTree = "<group>";
		};
		9488E6651A86635400F0E383 /* Products */ = {
			isa = PBXGroup;
			children = (
				9488E6641A86635400F0E383 /* Relax.app */,
				9488E6791A86635400F0E383 /* RelaxTests.xctest */,
			);
			name = Products;
			sourceTree = "<group>";
		};
		9488E6661A86635400F0E383 /* Relax */ = {
			isa = PBXGroup;
			children = (
				94F839DE1A8699FD003DF242 /* Data */,
				94F839DF1A869A1B003DF242 /* UI */,
				9488E6671A86635400F0E383 /* Supporting Files */,
				9488E6691A86635400F0E383 /* AppDelegate.swift */,
			);
			path = Relax;
			sourceTree = "<group>";
		};
		9488E6671A86635400F0E383 /* Supporting Files */ = {
			isa = PBXGroup;
			children = (
				9488E6701A86635400F0E383 /* Images.xcassets */,
				9488E6681A86635400F0E383 /* Info.plist */,
			);
			name = "Supporting Files";
			sourceTree = "<group>";
		};
		9488E67C1A86635400F0E383 /* RelaxTests */ = {
			isa = PBXGroup;
			children = (
				9488E67F1A86635400F0E383 /* RelaxTests.swift */,
				9488E67D1A86635400F0E383 /* Supporting Files */,
			);
			path = RelaxTests;
			sourceTree = "<group>";
		};
		9488E67D1A86635400F0E383 /* Supporting Files */ = {
			isa = PBXGroup;
			children = (
				9488E67E1A86635400F0E383 /* Info.plist */,
			);
			name = "Supporting Files";
			sourceTree = "<group>";
		};
		94F839DE1A8699FD003DF242 /* Data */ = {
			isa = PBXGroup;
			children = (
				94F839E01A869A90003DF242 /* DefaultActivities.plist */,
				94F839E61A869BE8003DF242 /* Activity.swift */,
			);
			name = Data;
			sourceTree = "<group>";
		};
		94F839DF1A869A1B003DF242 /* UI */ = {
			isa = PBXGroup;
			children = (
				9488E66B1A86635400F0E383 /* RelaxViewController.swift */,
				94F839E41A869BA0003DF242 /* HistoryViewController.swift */,
				94F839E21A869B8A003DF242 /* SetupViewController.swift */,
				94F839DC1A8699AF003DF242 /* MainUI.storyboard */,
				9488E6721A86635400F0E383 /* LaunchScreen.xib */,
			);
			name = UI;
			sourceTree = "<group>";
		};
/* End PBXGroup section */

/* Begin PBXNativeTarget section */
		9488E6631A86635400F0E383 /* Relax */ = {
			isa = PBXNativeTarget;
			buildConfigurationList = 9488E6831A86635400F0E383 /* Build configuration list for PBXNativeTarget "Relax" */;
			buildPhases = (
				9488E6601A86635400F0E383 /* Sources */,
				9488E6611A86635400F0E383 /* Frameworks */,
				9488E6621A86635400F0E383 /* Resources */,
			);
			buildRules = (
			);
			dependencies = (
			);
			name = Relax;
			productName = Relax;
			productReference = 9488E6641A86635400F0E383 /* Relax.app */;
			productType = "com.apple.product-type.application";
		};
		9488E6781A86635400F0E383 /* RelaxTests */ = {
			isa = PBXNativeTarget;
			buildConfigurationList = 9488E6861A86635400F0E383 /* Build configuration list for PBXNativeTarget "RelaxTests" */;
			buildPhases = (
				9488E6751A86635400F0E383 /* Sources */,
				9488E6761A86635400F0E383 /* Frameworks */,
				9488E6771A86635400F0E383 /* Resources */,
			);
			buildRules = (
			);
			dependencies = (
				9488E67B1A86635400F0E383 /* PBXTargetDependency */,
			);
			name = RelaxTests;
			productName = RelaxTests;
			productReference = 9488E6791A86635400F0E383 /* RelaxTests.xctest */;
			productType = "com.apple.product-type.bundle.unit-test";
		};
/* End PBXNativeTarget section */

/* Begin PBXProject section */
		9488E65C1A86635400F0E383 /* Project object */ = {
			isa = PBXProject;
			attributes = {
				LastUpgradeCheck = 0610;
				ORGANIZATIONNAME = "PDX-iOS";
				TargetAttributes = {
					9488E6631A86635400F0E383 = {
						CreatedOnToolsVersion = 6.1.1;
					};
					9488E6781A86635400F0E383 = {
						CreatedOnToolsVersion = 6.1.1;
						TestTargetID = 9488E6631A86635400F0E383;
					};
				};
			};
			buildConfigurationList = 9488E65F1A86635400F0E383 /* Build configuration list for PBXProject "Relax" */;
			compatibilityVersion = "Xcode 3.2";
			developmentRegion = English;
			hasScannedForEncodings = 0;
			knownRegions = (
				en,
				Base,
			);
			mainGroup = 9488E65B1A86635400F0E383;
			productRefGroup = 9488E6651A86635400F0E383 /* Products */;
			projectDirPath = "";
			projectRoot = "";
			targets = (
				9488E6631A86635400F0E383 /* Relax */,
				9488E6781A86635400F0E383 /* RelaxTests */,
			);
		};
/* End PBXProject section */

/* Begin PBXResourcesBuildPhase section */
		9488E6621A86635400F0E383 /* Resources */ = {
			isa = PBXResourcesBuildPhase;
			buildActionMask = 2147483647;
			files = (
				9488E6741A86635400F0E383 /* LaunchScreen.xib in Resources */,
				9488E6711A86635400F0E383 /* Images.xcassets in Resources */,
				94F839DD1A8699AF003DF242 /* MainUI.storyboard in Resources */,
				94F839E11A869A90003DF242 /* DefaultActivities.plist in Resources */,
			);
			runOnlyForDeploymentPostprocessing = 0;
		};
		9488E6771A86635400F0E383 /* Resources */ = {
			isa = PBXResourcesBuildPhase;
			buildActionMask = 2147483647;
			files = (
			);
			runOnlyForDeploymentPostprocessing = 0;
		};
/* End PBXResourcesBuildPhase section */

/* Begin PBXSourcesBuildPhase section */
		9488E6601A86635400F0E383 /* Sources */ = {
			isa = PBXSourcesBuildPhase;
			buildActionMask = 2147483647;
			files = (
				94F839E71A869BE8003DF242 /* Activity.swift in Sources */,
				9488E66C1A86635400F0E383 /* RelaxViewController.swift in Sources */,
				9488E66A1A86635400F0E383 /* AppDelegate.swift in Sources */,
				94F839E31A869B8A003DF242 /* SetupViewController.swift in Sources */,
				94F839E51A869BA0003DF242 /* HistoryViewController.swift in Sources */,
			);
			runOnlyForDeploymentPostprocessing = 0;
		};
		9488E6751A86635400F0E383 /* Sources */ = {
			isa = PBXSourcesBuildPhase;
			buildActionMask = 2147483647;
			files = (
				9488E6801A86635400F0E383 /* RelaxTests.swift in Sources */,
			);
			runOnlyForDeploymentPostprocessing = 0;
		};
/* End PBXSourcesBuildPhase section */

/* Begin PBXTargetDependency section */
		9488E67B1A86635400F0E383 /* PBXTargetDependency */ = {
			isa = PBXTargetDependency;
			target = 9488E6631A86635400F0E383 /* Relax */;
			targetProxy = 9488E67A1A86635400F0E383 /* PBXContainerItemProxy */;
		};
/* End PBXTargetDependency section */

/* Begin PBXVariantGroup section */
		9488E6721A86635400F0E383 /* LaunchScreen.xib */ = {
			isa = PBXVariantGroup;
			children = (
				9488E6731A86635400F0E383 /* Base */,
			);
			name = LaunchScreen.xib;
			sourceTree = "<group>";
		};
/* End PBXVariantGroup section */

/* Begin XCBuildConfiguration section */
		9488E6811A86635400F0E383 /* Debug */ = {
			isa = XCBuildConfiguration;
			buildSettings = {
				ALWAYS_SEARCH_USER_PATHS = NO;
				CLANG_CXX_LANGUAGE_STANDARD = "gnu++0x";
				CLANG_CXX_LIBRARY = "libc++";
				CLANG_ENABLE_MODULES = YES;
				CLANG_ENABLE_OBJC_ARC = YES;
				CLANG_WARN_BOOL_CONVERSION = YES;
				CLANG_WARN_CONSTANT_CONVERSION = YES;
				CLANG_WARN_DIRECT_OBJC_ISA_USAGE = YES_ERROR;
				CLANG_WARN_EMPTY_BODY = YES;
				CLANG_WARN_ENUM_CONVERSION = YES;
				CLANG_WARN_INT_CONVERSION = YES;
				CLANG_WARN_OBJC_ROOT_CLASS = YES_ERROR;
				CLANG_WARN_UNREACHABLE_CODE = YES;
				CLANG_WARN__DUPLICATE_METHOD_MATCH = YES;
				"CODE_SIGN_IDENTITY[sdk=iphoneos*]" = "iPhone Developer";
				COPY_PHASE_STRIP = NO;
				ENABLE_STRICT_OBJC_MSGSEND = YES;
				GCC_C_LANGUAGE_STANDARD = gnu99;
				GCC_DYNAMIC_NO_PIC = NO;
				GCC_OPTIMIZATION_LEVEL = 0;
				GCC_PREPROCESSOR_DEFINITIONS = (
					"DEBUG=1",
					"$(inherited)",
				);
				GCC_SYMBOLS_PRIVATE_EXTERN = NO;
				GCC_WARN_64_TO_32_BIT_CONVERSION = YES;
				GCC_WARN_ABOUT_RETURN_TYPE = YES_ERROR;
				GCC_WARN_UNDECLARED_SELECTOR = YES;
				GCC_WARN_UNINITIALIZED_AUTOS = YES_AGGRESSIVE;
				GCC_WARN_UNUSED_FUNCTION = YES;
				GCC_WARN_UNUSED_VARIABLE = YES;
				IPHONEOS_DEPLOYMENT_TARGET = 8.1;
				MTL_ENABLE_DEBUG_INFO = YES;
				ONLY_ACTIVE_ARCH = YES;
				SDKROOT = iphoneos;
				SWIFT_OPTIMIZATION_LEVEL = "-Onone";
				TARGETED_DEVICE_FAMILY = "1,2";
			};
			name = Debug;
		};
		9488E6821A86635400F0E383 /* Release */ = {
			isa = XCBuildConfiguration;
			buildSettings = {
				ALWAYS_SEARCH_USER_PATHS = NO;
				CLANG_CXX_LANGUAGE_STANDARD = "gnu++0x";
				CLANG_CXX_LIBRARY = "libc++";
				CLANG_ENABLE_MODULES = YES;
				CLANG_ENABLE_OBJC_ARC = YES;
				CLANG_WARN_BOOL_CONVERSION = YES;
				CLANG_WARN_CONSTANT_CONVERSION = YES;
				CLANG_WARN_DIRECT_OBJC_ISA_USAGE = YES_ERROR;
				CLANG_WARN_EMPTY_BODY = YES;
				CLANG_WARN_ENUM_CONVERSION = YES;
				CLANG_WARN_INT_CONVERSION = YES;
				CLANG_WARN_OBJC_ROOT_CLASS = YES_ERROR;
				CLANG_WARN_UNREACHABLE_CODE = YES;
				CLANG_WARN__DUPLICATE_METHOD_MATCH = YES;
				"CODE_SIGN_IDENTITY[sdk=iphoneos*]" = "iPhone Developer";
				COPY_PHASE_STRIP = YES;
				ENABLE_NS_ASSERTIONS = NO;
				ENABLE_STRICT_OBJC_MSGSEND = YES;
				GCC_C_LANGUAGE_STANDARD = gnu99;
				GCC_WARN_64_TO_32_BIT_CONVERSION = YES;
				GCC_WARN_ABOUT_RETURN_TYPE = YES_ERROR;
				GCC_WARN_UNDECLARED_SELECTOR = YES;
				GCC_WARN_UNINITIALIZED_AUTOS = YES_AGGRESSIVE;
				GCC_WARN_UNUSED_FUNCTION = YES;
				GCC_WARN_UNUSED_VARIABLE = YES;
				IPHONEOS_DEPLOYMENT_TARGET = 8.1;
				MTL_ENABLE_DEBUG_INFO = NO;
				SDKROOT = iphoneos;
				TARGETED_DEVICE_FAMILY = "1,2";
				VALIDATE_PRODUCT = YES;
			};
			name = Release;
		};
		9488E6841A86635400F0E383 /* Debug */ = {
			isa = XCBuildConfiguration;
			buildSettings = {
				ASSETCATALOG_COMPILER_APPICON_NAME = AppIcon;
				INFOPLIST_FILE = Relax/Info.plist;
				LD_RUNPATH_SEARCH_PATHS = "$(inherited) @executable_path/Frameworks";
				PRODUCT_NAME = "$(TARGET_NAME)";
			};
			name = Debug;
		};
		9488E6851A86635400F0E383 /* Release */ = {
			isa = XCBuildConfiguration;
			buildSettings = {
				ASSETCATALOG_COMPILER_APPICON_NAME = AppIcon;
				INFOPLIST_FILE = Relax/Info.plist;
				LD_RUNPATH_SEARCH_PATHS = "$(inherited) @executable_path/Frameworks";
				PRODUCT_NAME = "$(TARGET_NAME)";
			};
			name = Release;
		};
		9488E6871A86635400F0E383 /* Debug */ = {
			isa = XCBuildConfiguration;
			buildSettings = {
				BUNDLE_LOADER = "$(TEST_HOST)";
				FRAMEWORK_SEARCH_PATHS = (
					"$(SDKROOT)/Developer/Library/Frameworks",
					"$(inherited)",
				);
				GCC_PREPROCESSOR_DEFINITIONS = (
					"DEBUG=1",
					"$(inherited)",
				);
				INFOPLIST_FILE = RelaxTests/Info.plist;
				LD_RUNPATH_SEARCH_PATHS = "$(inherited) @executable_path/Frameworks @loader_path/Frameworks";
				PRODUCT_NAME = "$(TARGET_NAME)";
				TEST_HOST = "$(BUILT_PRODUCTS_DIR)/Relax.app/Relax";
			};
			name = Debug;
		};
		9488E6881A86635400F0E383 /* Release */ = {
			isa = XCBuildConfiguration;
			buildSettings = {
				BUNDLE_LOADER = "$(TEST_HOST)";
				FRAMEWORK_SEARCH_PATHS = (
					"$(SDKROOT)/Developer/Library/Frameworks",
					"$(inherited)",
				);
				INFOPLIST_FILE = RelaxTests/Info.plist;
				LD_RUNPATH_SEARCH_PATHS = "$(inherited) @executable_path/Frameworks @loader_path/Frameworks";
				PRODUCT_NAME = "$(TARGET_NAME)";
				TEST_HOST = "$(BUILT_PRODUCTS_DIR)/Relax.app/Relax";
			};
			name = Release;
		};
/* End XCBuildConfiguration section */

/* Begin XCConfigurationList section */
		9488E65F1A86635400F0E383 /* Build configuration list for PBXProject "Relax" */ = {
			isa = XCConfigurationList;
			buildConfigurations = (
				9488E6811A86635400F0E383 /* Debug */,
				9488E6821A86635400F0E383 /* Release */,
			);
			defaultConfigurationIsVisible = 0;
			defaultConfigurationName = Release;
		};
		9488E6831A86635400F0E383 /* Build configuration list for PBXNativeTarget "Relax" */ = {
			isa = XCConfigurationList;
			buildConfigurations = (
				9488E6841A86635400F0E383 /* Debug */,
				9488E6851A86635400F0E383 /* Release */,
			);
			defaultConfigurationIsVisible = 0;
			defaultConfigurationName = Release;
		};
		9488E6861A86635400F0E383 /* Build configuration list for PBXNativeTarget "RelaxTests" */ = {
			isa = XCConfigurationList;
			buildConfigurations = (
				9488E6871A86635400F0E383 /* Debug */,
				9488E6881A86635400F0E383 /* Release */,
			);
			defaultConfigurationIsVisible = 0;
			defaultConfigurationName = Release;
		};
/* End XCConfigurationList section */
	};
	rootObject = 9488E65C1A86635400F0E383 /* Project object */;
}
